
Microsoft Visual Studio Solution File, Format Version 12.00
# Visual Studio Version 17
VisualStudioVersion = 17.14.36811.4
MinimumVisualStudioVersion = 10.0.40219.1
Project("{8BC9CEB8-8B4A-11D0-8D11-00A0C91BC942}") = "MemoryDump", "MemoryDump\MemoryDump.vcxproj", "{9A7D15CC-37E5-4E5C-AC03-BF496BA8B950}"
EndProject
Project("{2150E333-8FDC-42A3-9474-1A3956D46DE8}") = "1.MemoryDump", "1.MemoryDump", "{C8D5274F-AC00-46C7-1F8D-E88E81087A52}"
EndProject
Project("{2150E333-8FDC-42A3-9474-1A3956D46DE8}") = "2.APIHook", "2.APIHook", "{1B644E32-D08D-4F18-A48E-4FFA66C074C4}"
EndProject
Project("{8BC9CEB8-8B4A-11D0-8D11-00A0C91BC942}") = "TestDll", "TestDll\TestDll.vcxproj", "{4BDDB555-CBF9-497B-BB0D-C080C038D7A3}"
EndProject
Project("{8BC9CEB8-8B4A-11D0-8D11-00A0C91BC942}") = "IAT Hook", "IAT Hook\IAT Hook.vcxproj", "{F2E71409-403F-43D7-8CD6-31C5C8F4B1CA}"
EndProject
Project("{8BC9CEB8-8B4A-11D0-8D11-00A0C91BC942}") = "Dll Inject", "Dll Inject\Dll Inject.vcxproj", "{382C5CF7-F176-477F-B5E1-9D4720498475}"
EndProject
Project("{2150E333-8FDC-42A3-9474-1A3956D46DE8}") = "3. Dll", "3. Dll", "{4CAA32A0-115D-4519-9E02-9D7D48C966FD}"
EndProject
Project("{8BC9CEB8-8B4A-11D0-8D11-00A0C91BC942}") = "ImplicitLoad", "ImplicitLoad\ImplicitLoad.vcxproj", "{753990B4-9A16-4659-8EF9-E950BF9AE6CE}"
EndProject
Project("{8BC9CEB8-8B4A-11D0-8D11-00A0C91BC942}") = "ExplicitLoad", "ExplicitLoad\ExplicitLoad.vcxproj", "{7C076E0B-63AB-45E6-9122-FEA06BE34329}"
EndProject
Project("{2150E333-8FDC-42A3-9474-1A3956D46DE8}") = "4.Network", "4.Network", "{AA94C65F-6426-4C19-9B9D-2FA1480ACB1E}"
EndProject
Project("{8BC9CEB8-8B4A-11D0-8D11-00A0C91BC942}") = "Client", "Client\Client.vcxproj", "{E01FDDE1-DB8D-4CA1-9FB2-363E39840D25}"
EndProject
Project("{8BC9CEB8-8B4A-11D0-8D11-00A0C91BC942}") = "Server", "Server\Server.vcxproj", "{146915A5-345D-4397-9B29-31D9ACFBDA93}"
EndProject
Project("{8BC9CEB8-8B4A-11D0-8D11-00A0C91BC942}") = "NetworkCore", "NetworkCore\NetworkCore.vcxproj", "{A9EE9D4F-9896-4175-BB30-EC98EAECEB67}"
EndProject
Project("{8BC9CEB8-8B4A-11D0-8D11-00A0C91BC942}") = "Cpp", "Cpp\Cpp.vcxproj", "{D7C1DF85-4056-47A0-99C4-F90C4FDD769B}"
EndProject
Project("{2150E333-8FDC-42A3-9474-1A3956D46DE8}") = "5.Cpp", "5.Cpp", "{780203EB-58C2-468E-9C24-2F173A9123F8}"
EndProject
Global
	GlobalSection(SolutionConfigurationPlatforms) = preSolution
		Debug|x64 = Debug|x64
		Debug|x86 = Debug|x86
		Release|x64 = Release|x64
		Release|x86 = Release|x86
	EndGlobalSection
	GlobalSection(ProjectConfigurationPlatforms) = postSolution
		{9A7D15CC-37E5-4E5C-AC03-BF496BA8B950}.Debug|x64.ActiveCfg = Debug|x64
		{9A7D15CC-37E5-4E5C-AC03-BF496BA8B950}.Debug|x64.Build.0 = Debug|x64
		{9A7D15CC-37E5-4E5C-AC03-BF496BA8B950}.Debug|x86.ActiveCfg = Debug|Win32
		{9A7D15CC-37E5-4E5C-AC03-BF496BA8B950}.Debug|x86.Build.0 = Debug|Win32
		{9A7D15CC-37E5-4E5C-AC03-BF496BA8B950}.Release|x64.ActiveCfg = Release|x64
		{9A7D15CC-37E5-4E5C-AC03-BF496BA8B950}.Release|x64.Build.0 = Release|x64
		{9A7D15CC-37E5-4E5C-AC03-BF496BA8B950}.Release|x86.ActiveCfg = Release|Win32
		{9A7D15CC-37E5-4E5C-AC03-BF496BA8B950}.Release|x86.Build.0 = Release|Win32
		{4BDDB555-CBF9-497B-BB0D-C080C038D7A3}.Debug|x64.ActiveCfg = Debug|x64
		{4BDDB555-CBF9-497B-BB0D-C080C038D7A3}.Debug|x64.Build.0 = Debug|x64
		{4BDDB555-CBF9-497B-BB0D-C080C038D7A3}.Debug|x86.ActiveCfg = Debug|Win32
		{4BDDB555-CBF9-497B-BB0D-C080C038D7A3}.Debug|x86.Build.0 = Debug|Win32
		{4BDDB555-CBF9-497B-BB0D-C080C038D7A3}.Release|x64.ActiveCfg = Release|x64
		{4BDDB555-CBF9-497B-BB0D-C080C038D7A3}.Release|x64.Build.0 = Release|x64
		{4BDDB555-CBF9-497B-BB0D-C080C038D7A3}.Release|x86.ActiveCfg = Release|Win32
		{4BDDB555-CBF9-497B-BB0D-C080C038D7A3}.Release|x86.Build.0 = Release|Win32
		{F2E71409-403F-43D7-8CD6-31C5C8F4B1CA}.Debug|x64.ActiveCfg = Debug|x64
		{F2E71409-403F-43D7-8CD6-31C5C8F4B1CA}.Debug|x64.Build.0 = Debug|x64
		{F2E71409-403F-43D7-8CD6-31C5C8F4B1CA}.Debug|x86.ActiveCfg = Debug|Win32
		{F2E71409-403F-43D7-8CD6-31C5C8F4B1CA}.Debug|x86.Build.0 = Debug|Win32
		{F2E71409-403F-43D7-8CD6-31C5C8F4B1CA}.Release|x64.ActiveCfg = Release|x64
		{F2E71409-403F-43D7-8CD6-31C5C8F4B1CA}.Release|x64.Build.0 = Release|x64
		{F2E71409-403F-43D7-8CD6-31C5C8F4B1CA}.Release|x86.ActiveCfg = Release|Win32
		{F2E71409-403F-43D7-8CD6-31C5C8F4B1CA}.Release|x86.Build.0 = Release|Win32
		{382C5CF7-F176-477F-B5E1-9D4720498475}.Debug|x64.ActiveCfg = Debug|x64
		{382C5CF7-F176-477F-B5E1-9D4720498475}.Debug|x64.Build.0 = Debug|x64
		{382C5CF7-F176-477F-B5E1-9D4720498475}.Debug|x86.ActiveCfg = Debug|Win32
		{382C5CF7-F176-477F-B5E1-9D4720498475}.Debug|x86.Build.0 = Debug|Win32
		{382C5CF7-F176-477F-B5E1-9D4720498475}.Release|x64.ActiveCfg = Release|x64
		{382C5CF7-F176-477F-B5E1-9D4720498475}.Release|x64.Build.0 = Release|x64
		{382C5CF7-F176-477F-B5E1-9D4720498475}.Release|x86.ActiveCfg = Release|Win32
		{382C5CF7-F176-477F-B5E1-9D4720498475}.Release|x86.Build.0 = Release|Win32
		{753990B4-9A16-4659-8EF9-E950BF9AE6CE}.Debug|x64.ActiveCfg = Debug|x64
		{753990B4-9A16-4659-8EF9-E950BF9AE6CE}.Debug|x64.Build.0 = Debug|x64
		{753990B4-9A16-4659-8EF9-E950BF9AE6CE}.Debug|x86.ActiveCfg = Debug|Win32
		{753990B4-9A16-4659-8EF9-E950BF9AE6CE}.Debug|x86.Build.0 = Debug|Win32
		{753990B4-9A16-4659-8EF9-E950BF9AE6CE}.Release|x64.ActiveCfg = Release|x64
		{753990B4-9A16-4659-8EF9-E950BF9AE6CE}.Release|x64.Build.0 = Release|x64
		{753990B4-9A16-4659-8EF9-E950BF9AE6CE}.Release|x86.ActiveCfg = Release|Win32
		{753990B4-9A16-4659-8EF9-E950BF9AE6CE}.Release|x86.Build.0 = Release|Win32
		{7C076E0B-63AB-45E6-9122-FEA06BE34329}.Debug|x64.ActiveCfg = Debug|x64
		{7C076E0B-63AB-45E6-9122-FEA06BE34329}.Debug|x64.Build.0 = Debug|x64
		{7C076E0B-63AB-45E6-9122-FEA06BE34329}.Debug|x86.ActiveCfg = Debug|Win32
		{7C076E0B-63AB-45E6-9122-FEA06BE34329}.Debug|x86.Build.0 = Debug|Win32
		{7C076E0B-63AB-45E6-9122-FEA06BE34329}.Release|x64.ActiveCfg = Release|x64
		{7C076E0B-63AB-45E6-9122-FEA06BE34329}.Release|x64.Build.0 = Release|x64
		{7C076E0B-63AB-45E6-9122-FEA06BE34329}.Release|x86.ActiveCfg = Release|Win32
		{7C076E0B-63AB-45E6-9122-FEA06BE34329}.Release|x86.Build.0 = Release|Win32
		{E01FDDE1-DB8D-4CA1-9FB2-363E39840D25}.Debug|x64.ActiveCfg = Debug|x64
		{E01FDDE1-DB8D-4CA1-9FB2-363E39840D25}.Debug|x64.Build.0 = Debug|x64
		{E01FDDE1-DB8D-4CA1-9FB2-363E39840D25}.Debug|x86.ActiveCfg = Debug|Win32
		{E01FDDE1-DB8D-4CA1-9FB2-363E39840D25}.Debug|x86.Build.0 = Debug|Win32
		{E01FDDE1-DB8D-4CA1-9FB2-363E39840D25}.Release|x64.ActiveCfg = Release|x64
		{E01FDDE1-DB8D-4CA1-9FB2-363E39840D25}.Release|x64.Build.0 = Release|x64
		{E01FDDE1-DB8D-4CA1-9FB2-363E39840D25}.Release|x86.ActiveCfg = Release|Win32
		{E01FDDE1-DB8D-4CA1-9FB2-363E39840D25}.Release|x86.Build.0 = Release|Win32
		{146915A5-345D-4397-9B29-31D9ACFBDA93}.Debug|x64.ActiveCfg = Debug|x64
		{146915A5-345D-4397-9B29-31D9ACFBDA93}.Debug|x64.Build.0 = Debug|x64
		{146915A5-345D-4397-9B29-31D9ACFBDA93}.Debug|x86.ActiveCfg = Debug|Win32
		{146915A5-345D-4397-9B29-31D9ACFBDA93}.Debug|x86.Build.0 = Debug|Win32
		{146915A5-345D-4397-9B29-31D9ACFBDA93}.Release|x64.ActiveCfg = Release|x64
		{146915A5-345D-4397-9B29-31D9ACFBDA93}.Release|x64.Build.0 = Release|x64
		{146915A5-345D-4397-9B29-31D9ACFBDA93}.Release|x86.ActiveCfg = Release|Win32
		{146915A5-345D-4397-9B29-31D9ACFBDA93}.Release|x86.Build.0 = Release|Win32
		{A9EE9D4F-9896-4175-BB30-EC98EAECEB67}.Debug|x64.ActiveCfg = Debug|x64
		{A9EE9D4F-9896-4175-BB30-EC98EAECEB67}.Debug|x64.Build.0 = Debug|x64
		{A9EE9D4F-9896-4175-BB30-EC98EAECEB67}.Debug|x86.ActiveCfg = Debug|Win32
		{A9EE9D4F-9896-4175-BB30-EC98EAECEB67}.Debug|x86.Build.0 = Debug|Win32
		{A9EE9D4F-9896-4175-BB30-EC98EAECEB67}.Release|x64.ActiveCfg = Release|x64
		{A9EE9D4F-9896-4175-BB30-EC98EAECEB67}.Release|x64.Build.0 = Release|x64
		{A9EE9D4F-9896-4175-BB30-EC98EAECEB67}.Release|x86.ActiveCfg = Release|Win32
		{A9EE9D4F-9896-4175-BB30-EC98EAECEB67}.Release|x86.Build.0 = Release|Win32
		{D7C1DF85-4056-47A0-99C4-F90C4FDD769B}.Debug|x64.ActiveCfg = Debug|x64
		{D7C1DF85-4056-47A0-99C4-F90C4FDD769B}.Debug|x64.Build.0 = Debug|x64
		{D7C1DF85-4056-47A0-99C4-F90C4FDD769B}.Debug|x86.ActiveCfg = Debug|Win32
		{D7C1DF85-4056-47A0-99C4-F90C4FDD769B}.Debug|x86.Build.0 = Debug|Win32
		{D7C1DF85-4056-47A0-99C4-F90C4FDD769B}.Release|x64.ActiveCfg = Release|x64
		{D7C1DF85-4056-47A0-99C4-F90C4FDD769B}.Release|x64.Build.0 = Release|x64
		{D7C1DF85-4056-47A0-99C4-F90C4FDD769B}.Release|x86.ActiveCfg = Release|Win32
		{D7C1DF85-4056-47A0-99C4-F90C4FDD769B}.Release|x86.Build.0 = Release|Win32
	EndGlobalSection
	GlobalSection(SolutionProperties) = preSolution
		HideSolutionNode = FALSE
	EndGlobalSection
	GlobalSection(NestedProjects) = preSolution
		{9A7D15CC-37E5-4E5C-AC03-BF496BA8B950} = {C8D5274F-AC00-46C7-1F8D-E88E81087A52}
		{F2E71409-403F-43D7-8CD6-31C5C8F4B1CA} = {1B644E32-D08D-4F18-A48E-4FFA66C074C4}
		{382C5CF7-F176-477F-B5E1-9D4720498475} = {1B644E32-D08D-4F18-A48E-4FFA66C074C4}
		{753990B4-9A16-4659-8EF9-E950BF9AE6CE} = {4CAA32A0-115D-4519-9E02-9D7D48C966FD}
		{7C076E0B-63AB-45E6-9122-FEA06BE34329} = {4CAA32A0-115D-4519-9E02-9D7D48C966FD}
		{E01FDDE1-DB8D-4CA1-9FB2-363E39840D25} = {AA94C65F-6426-4C19-9B9D-2FA1480ACB1E}
		{146915A5-345D-4397-9B29-31D9ACFBDA93} = {AA94C65F-6426-4C19-9B9D-2FA1480ACB1E}
		{A9EE9D4F-9896-4175-BB30-EC98EAECEB67} = {AA94C65F-6426-4C19-9B9D-2FA1480ACB1E}
		{D7C1DF85-4056-47A0-99C4-F90C4FDD769B} = {780203EB-58C2-468E-9C24-2F173A9123F8}
	EndGlobalSection
	GlobalSection(ExtensibilityGlobals) = postSolution
		SolutionGuid = {CC0C2DF7-2E89-4F7D-895D-F66F1BBD3987}
	EndGlobalSection
EndGlobal
