<?xml version="1.0" encoding="utf-8"?>
<Project ToolsVersion="4.0" xmlns="http://schemas.microsoft.com/developer/msbuild/2003">
  <ItemGroup>
    <ClCompile Include="main.cpp" />
    <ClCompile Include="PerfectForwarding.cpp">
      <Filter>1.PerfectForwarding</Filter>
    </ClCompile>
    <ClCompile Include="CoreMinimal.cpp">
      <Filter>Common</Filter>
    </ClCompile>
    <ClCompile Include="RuleOfFive.cpp">
      <Filter>2.RuleOfFive</Filter>
    </ClCompile>
    <ClCompile Include="Inheritance.cpp">
      <Filter>3.Inheritance</Filter>
    </ClCompile>
    <ClCompile Include="New.cpp">
      <Filter>4.New</Filter>
    </ClCompile>
    <ClCompile Include="UniquePtr.cpp">
      <Filter>5.UniquePtr</Filter>
    </ClCompile>
    <ClCompile Include="Vector.cpp">
      <Filter>6.Vector</Filter>
    </ClCompile>
    <ClCompile Include="SharedPtr.cpp">
      <Filter>7.SharedPtr</Filter>
    </ClCompile>
    <ClCompile Include="Transparent.cpp">
      <Filter>8.Transparent</Filter>
    </ClCompile>
    <ClCompile Include="BenchmarkSample.cpp">
      <Filter>9.Benchmark</Filter>
    </ClCompile>
    <ClCompile Include="Template.cpp">
      <Filter>10.Template</Filter>
    </ClCompile>
  </ItemGroup>
  <ItemGroup>
    <Filter Include="1.PerfectForwarding">
      <UniqueIdentifier>{c27cec6f-7bf7-40bc-ae2a-3442663f43af}</UniqueIdentifier>
    </Filter>
    <Filter Include="Common">
      <UniqueIdentifier>{fa3a2915-f09b-4017-8cc4-a00ad2fe0105}</UniqueIdentifier>
    </Filter>
    <Filter Include="2.RuleOfFive">
      <UniqueIdentifier>{d4473083-d702-4e06-8576-a037aa22250e}</UniqueIdentifier>
    </Filter>
    <Filter Include="3.Inheritance">
      <UniqueIdentifier>{91e5aef4-12a1-467b-8253-744d303a6c65}</UniqueIdentifier>
    </Filter>
    <Filter Include="4.New">
      <UniqueIdentifier>{b80a4f7c-6ca4-4695-b9a6-2a3595d7cae2}</UniqueIdentifier>
    </Filter>
    <Filter Include="5.UniquePtr">
      <UniqueIdentifier>{a0822579-5594-441f-81b9-09d702ae6692}</UniqueIdentifier>
    </Filter>
    <Filter Include="6.Vector">
      <UniqueIdentifier>{1a226c61-0568-4cb1-bdfc-807a64d12f57}</UniqueIdentifier>
    </Filter>
    <Filter Include="7.SharedPtr">
      <UniqueIdentifier>{5b6c23d3-2626-4ffc-b0f4-74c713e9fc4a}</UniqueIdentifier>
    </Filter>
    <Filter Include="8.Transparent">
      <UniqueIdentifier>{0ef1bbfa-86e8-4300-bd59-8ce65c92edcd}</UniqueIdentifier>
    </Filter>
    <Filter Include="9.Benchmark">
      <UniqueIdentifier>{47a46b70-b187-419c-be9d-38d70b447e2c}</UniqueIdentifier>
    </Filter>
    <Filter Include="10.Template">
      <UniqueIdentifier>{8b75ca85-f0d8-468e-847c-2c41a2588dc0}</UniqueIdentifier>
    </Filter>
  </ItemGroup>
  <ItemGroup>
    <ClInclude Include="PerfectForwarding.h">
      <Filter>1.PerfectForwarding</Filter>
    </ClInclude>
    <ClInclude Include="CoreMinimal.h">
      <Filter>Common</Filter>
    </ClInclude>
    <ClInclude Include="RuleOfFive.h">
      <Filter>2.RuleOfFive</Filter>
    </ClInclude>
    <ClInclude Include="Inheritance.h">
      <Filter>3.Inheritance</Filter>
    </ClInclude>
    <ClInclude Include="New.h">
      <Filter>4.New</Filter>
    </ClInclude>
    <ClInclude Include="UniquePtr.h">
      <Filter>5.UniquePtr</Filter>
    </ClInclude>
    <ClInclude Include="Vector.h">
      <Filter>6.Vector</Filter>
    </ClInclude>
    <ClInclude Include="SharedPtr.h">
      <Filter>7.SharedPtr</Filter>
    </ClInclude>
    <ClInclude Include="Transparent.h">
      <Filter>8.Transparent</Filter>
    </ClInclude>
    <ClInclude Include="BenchmarkSample.h">
      <Filter>9.Benchmark</Filter>
    </ClInclude>
    <ClInclude Include="Template.h">
      <Filter>10.Template</Filter>
    </ClInclude>
  </ItemGroup>
</Project>